
Microsoft Visual Studio Solution File, Format Version 12.00
# Visual Studio Version 17
VisualStudioVersion = 17.2.32526.322
MinimumVisualStudioVersion = 10.0.40219.1
Project("{FAE04EC0-301F-11D3-BF4B-00C04F79EFBC}") = "MediatRDemo", "MediatRDemo\MediatRDemo.csproj", "{A95300A1-731C-466F-A4AE-C59C34769A8B}"
EndProject
Global
	GlobalSection(SolutionConfigurationPlatforms) = preSolution
		Debug|Any CPU = Debug|Any CPU
		Release|Any CPU = Release|Any CPU
	EndGlobalSection
	GlobalSection(ProjectConfigurationPlatforms) = postSolution
		{A95300A1-731C-466F-A4AE-C59C34769A8B}.Debug|Any CPU.ActiveCfg = Debug|Any CPU
		{A95300A1-731C-466F-A4AE-C59C34769A8B}.Debug|Any CPU.Build.0 = Debug|Any CPU
		{A95300A1-731C-466F-A4AE-C59C34769A8B}.Release|Any CPU.ActiveCfg = Release|Any CPU
		{A95300A1-731C-466F-A4AE-C59C34769A8B}.Release|Any CPU.Build.0 = Release|Any CPU
	EndGlobalSection
	GlobalSection(SolutionProperties) = preSolution
		HideSolutionNode = FALSE
	EndGlobalSection
	GlobalSection(ExtensibilityGlobals) = postSolution
		SolutionGuid = {13FEC61A-8C6D-40B7-A074-7C36198E1B02}
	EndGlobalSection
EndGlobal
